# This file is generated by running "yarn install" inside your project.
# Manual changes might be lost - proceed with caution!

__metadata:
  version: 10
  cacheKey: 10c0

"@colors/colors@npm:1.5.0":
  version: 1.5.0
  resolution: "@colors/colors@npm:1.5.0"
  checksum: 10c0/eb42729851adca56d19a08e48d5a1e95efd2a32c55ae0323de8119052be0510d4b7a1611f2abcbf28c044a6c11e6b7d38f99fccdad7429300c37a8ea5fb95b44
  languageName: node
  linkType: hard

"@ungap/url-search-params@npm:^0.2.2":
  version: 0.2.2
  resolution: "@ungap/url-search-params@npm:0.2.2"
  checksum: 10c0/0ee84b8eff65b8f2af187d8487226c6358da2bd4f9036dea317fb5859c03dfbe1799864ade13127ba3d0b7069187c56a37596481983812e62929d8103e071690
  languageName: node
  linkType: hard

"abort-controller@npm:^3.0.0":
  version: 3.0.0
  resolution: "abort-controller@npm:3.0.0"
  dependencies:
    event-target-shim: "npm:^5.0.0"
  checksum: 10c0/90ccc50f010250152509a344eb2e71977fbf8db0ab8f1061197e3275ddf6c61a41a6edfd7b9409c664513131dd96e962065415325ef23efa5db931b382d24ca5
  languageName: node
  linkType: hard

"ansi-regex@npm:^5.0.1":
  version: 5.0.1
  resolution: "ansi-regex@npm:5.0.1"
  checksum: 10c0/9a64bb8627b434ba9327b60c027742e5d17ac69277960d041898596271d992d4d52ba7267a63ca10232e29f6107fc8a835f6ce8d719b88c5f8493f8254813737
  languageName: node
  linkType: hard

"ansi-regex@npm:^6.2.2":
  version: 6.2.2
  resolution: "ansi-regex@npm:6.2.2"
  checksum: 10c0/05d4acb1d2f59ab2cf4b794339c7b168890d44dda4bf0ce01152a8da0213aca207802f930442ce8cd22d7a92f44907664aac6508904e75e038fa944d2601b30f
  languageName: node
  linkType: hard

"chalk@npm:^5.6.2":
  version: 5.6.2
  resolution: "chalk@npm:5.6.2"
  checksum: 10c0/99a4b0f0e7991796b1e7e3f52dceb9137cae2a9dfc8fc0784a550dc4c558e15ab32ed70b14b21b52beb2679b4892b41a0aa44249bcb996f01e125d58477c6976
  languageName: node
  linkType: hard

"cli-cursor@npm:^5.0.0":
  version: 5.0.0
  resolution: "cli-cursor@npm:5.0.0"
  dependencies:
    restore-cursor: "npm:^5.0.0"
  checksum: 10c0/7ec62f69b79f6734ab209a3e4dbdc8af7422d44d360a7cb1efa8a0887bbe466a6e625650c466fe4359aee44dbe2dc0b6994b583d40a05d0808a5cb193641d220
  languageName: node
  linkType: hard

"cli-spinners@npm:^3.2.0":
  version: 3.4.0
  resolution: "cli-spinners@npm:3.4.0"
  checksum: 10c0/91296c32e147d5b973c9d439d1512306499215437b92f0c0d8be44ec850b555acb8795c19c606b2f6747f31d50c4e41fdde7dcef653f18f0ae7cdd58e99a4764
  languageName: node
  linkType: hard

"cli-table3@npm:^0.6.5":
  version: 0.6.5
  resolution: "cli-table3@npm:0.6.5"
  dependencies:
    "@colors/colors": "npm:1.5.0"
    string-width: "npm:^4.2.0"
  dependenciesMeta:
    "@colors/colors":
      optional: true
  checksum: 10c0/d7cc9ed12212ae68241cc7a3133c52b844113b17856e11f4f81308acc3febcea7cc9fd298e70933e294dd642866b29fd5d113c2c098948701d0c35f09455de78
  languageName: node
  linkType: hard

"data-uri-to-buffer@npm:^3.0.1":
  version: 3.0.1
  resolution: "data-uri-to-buffer@npm:3.0.1"
  checksum: 10c0/01fa28525402582fbb972c91822533f5528156e9e7241512b903467acbe2e0505760504e22c548bb707c7a56b5459194ee4fa6434e5995fa1a658744c2ce0cff
  languageName: node
  linkType: hard

"emoji-regex@npm:^8.0.0":
  version: 8.0.0
  resolution: "emoji-regex@npm:8.0.0"
  checksum: 10c0/b6053ad39951c4cf338f9092d7bfba448cdfd46fe6a2a034700b149ac9ffbc137e361cbd3c442297f86bed2e5f7576c1b54cc0a6bf8ef5106cc62f496af35010
  languageName: node
  linkType: hard

"event-target-shim@npm:^5.0.0":
  version: 5.0.1
  resolution: "event-target-shim@npm:5.0.1"
  checksum: 10c0/0255d9f936215fd206156fd4caa9e8d35e62075d720dc7d847e89b417e5e62cf1ce6c9b4e0a1633a9256de0efefaf9f8d26924b1f3c8620cffb9db78e7d3076b
  languageName: node
  linkType: hard

"fetch-blob@npm:^2.1.1":
  version: 2.1.2
  resolution: "fetch-blob@npm:2.1.2"
  peerDependenciesMeta:
    domexception:
      optional: true
  checksum: 10c0/9c7b0af2e6f11ac20997bb7dbd555fc89add2cf04379012af9ed119e96c0f608f3dbdf3ca2908583469118485065e35a10da8c740b4afff633180a13957a25da
  languageName: node
  linkType: hard

"get-east-asian-width@npm:^1.5.0":
  version: 1.6.0
  resolution: "get-east-asian-width@npm:1.6.0"
  checksum: 10c0/7e72e9550fd49ca5b246f9af6bb2afc129c96412845ff6556b3274fd44817a381702ca17028efe9866b261a3d44254cbf21e6c90cf05b4b61675630af776d431
  languageName: node
  linkType: hard

"imdb-api@npm:^4.4.1":
  version: 4.4.1
  resolution: "imdb-api@npm:4.4.1"
  dependencies:
    "@ungap/url-search-params": "npm:^0.2.2"
    ky: "npm:^0.24.0"
    ky-universal: "npm:^0.8.2"
  checksum: 10c0/a25fba518a59c2fb2d02def6f445b97f33c355bc169123214f559afdf1b56882d25c6c0e844b6f183bac4a7e5b39dd2f136a8232a4bd9d65c2ebeda560e22365
  languageName: node
  linkType: hard

"imdb-cli@workspace:.":
  version: 0.0.0-use.local
  resolution: "imdb-cli@workspace:."
  dependencies:
    chalk: "npm:^5.6.2"
    cli-table3: "npm:^0.6.5"
    imdb-api: "npm:^4.4.1"
    ora: "npm:^9.4.1"
  bin:
    imdb-cli: ./index.js
  languageName: unknown
  linkType: soft

"is-fullwidth-code-point@npm:^3.0.0":
  version: 3.0.0
  resolution: "is-fullwidth-code-point@npm:3.0.0"
  checksum: 10c0/bb11d825e049f38e04c06373a8d72782eee0205bda9d908cc550ccb3c59b99d750ff9537982e01733c1c94a58e35400661f57042158ff5e8f3e90cf936daf0fc
  languageName: node
  linkType: hard

"is-interactive@npm:^2.0.0":
  version: 2.0.0
  resolution: "is-interactive@npm:2.0.0"
  checksum: 10c0/801c8f6064f85199dc6bf99b5dd98db3282e930c3bc197b32f2c5b89313bb578a07d1b8a01365c4348c2927229234f3681eb861b9c2c92bee72ff397390fa600
  languageName: node
  linkType: hard

"is-unicode-supported@npm:^2.0.0, is-unicode-supported@npm:^2.1.0":
  version: 2.1.0
  resolution: "is-unicode-supported@npm:2.1.0"
  checksum: 10c0/a0f53e9a7c1fdbcf2d2ef6e40d4736fdffff1c9f8944c75e15425118ff3610172c87bf7bc6c34d3903b04be59790bb2212ddbe21ee65b5a97030fc50370545a5
  languageName: node
  linkType: hard

"ky-universal@npm:^0.8.2":
  version: 0.8.2
  resolution: "ky-universal@npm:0.8.2"
  dependencies:
    abort-controller: "npm:^3.0.0"
    node-fetch: "npm:3.0.0-beta.9"
  peerDependencies:
    ky: ">=0.17.0"
    web-streams-polyfill: ">=2.0.0"
  peerDependenciesMeta:
    web-streams-polyfill:
      optional: true
  checksum: 10c0/bcdebccde532fcd934fb2dcb2d99c110980c00a2d83a62b37d75b8cbbe75ad498cc001e14c3d5fbc03acd262c80ae8d5bb7fdcdb50b05e421fba914d597a2887
  languageName: node
  linkType: hard

"ky@npm:^0.24.0":
  version: 0.24.0
  resolution: "ky@npm:0.24.0"
  checksum: 10c0/3fd8c267f603966eecf0aec3773652b7e4996a48774faffd89337e43c1a4aa171f8da43eee8ecfdeb1db786ce4b2cfb76eb7d160fc2c87f90c37b0e5a2bc4abf
  languageName: node
  linkType: hard

"log-symbols@npm:^7.0.1":
  version: 7.0.1
  resolution: "log-symbols@npm:7.0.1"
  dependencies:
    is-unicode-supported: "npm:^2.0.0"
    yoctocolors: "npm:^2.1.1"
  checksum: 10c0/71d30f9a44b8604b14df5e7c9b579d739997253db7385339d493ece41ee2cc74c1f96c5b4c0b2c1e0829b05348d4f287e68faab495b7a094a80f51351c816075
  languageName: node
  linkType: hard

"mimic-function@npm:^5.0.0":
  version: 5.0.1
  resolution: "mimic-function@npm:5.0.1"
  checksum: 10c0/f3d9464dd1816ecf6bdf2aec6ba32c0728022039d992f178237d8e289b48764fee4131319e72eedd4f7f094e22ded0af836c3187a7edc4595d28dd74368fd81d
  languageName: node
  linkType: hard

"node-fetch@npm:3.0.0-beta.9":
  version: 3.0.0-beta.9
  resolution: "node-fetch@npm:3.0.0-beta.9"
  dependencies:
    data-uri-to-buffer: "npm:^3.0.1"
    fetch-blob: "npm:^2.1.1"
  checksum: 10c0/99e2947718c281ad76fe009f15ff67ac1781b72f7a81bbc2770cc20297b4482589384982bcd47516a21d6e76e1649e64609e18f83b4c71e09cf5964fbb9ef832
  languageName: node
  linkType: hard

"onetime@npm:^7.0.0":
  version: 7.0.0
  resolution: "onetime@npm:7.0.0"
  dependencies:
    mimic-function: "npm:^5.0.0"
  checksum: 10c0/5cb9179d74b63f52a196a2e7037ba2b9a893245a5532d3f44360012005c9cadb60851d56716ebff18a6f47129dab7168022445df47c2aff3b276d92585ed1221
  languageName: node
  linkType: hard

"ora@npm:^9.4.1":
  version: 9.4.1
  resolution: "ora@npm:9.4.1"
  dependencies:
    chalk: "npm:^5.6.2"
    cli-cursor: "npm:^5.0.0"
    cli-spinners: "npm:^3.2.0"
    is-interactive: "npm:^2.0.0"
    is-unicode-supported: "npm:^2.1.0"
    log-symbols: "npm:^7.0.1"
    stdin-discarder: "npm:^0.3.2"
    string-width: "npm:^8.1.0"
  checksum: 10c0/d58003408f3ddee46cd0a8d05e28c8a62e56cddd7ca4bc39adc4455c653d9d4c3d85b6f6b6c9ca78085f7ccbbb202ce8781505cdbebd357537a2b3f3eaa11ec2
  languageName: node
  linkType: hard

"restore-cursor@npm:^5.0.0":
  version: 5.1.0
  resolution: "restore-cursor@npm:5.1.0"
  dependencies:
    onetime: "npm:^7.0.0"
    signal-exit: "npm:^4.1.0"
  checksum: 10c0/c2ba89131eea791d1b25205bdfdc86699767e2b88dee2a590b1a6caa51737deac8bad0260a5ded2f7c074b7db2f3a626bcf1fcf3cdf35974cbeea5e2e6764f60
  languageName: node
  linkType: hard

"signal-exit@npm:^4.1.0":
  version: 4.1.0
  resolution: "signal-exit@npm:4.1.0"
  checksum: 10c0/41602dce540e46d599edba9d9860193398d135f7ff72cab629db5171516cfae628d21e7bfccde1bbfdf11c48726bc2a6d1a8fb8701125852fbfda7cf19c6aa83
  languageName: node
  linkType: hard

"stdin-discarder@npm:^0.3.2":
  version: 0.3.2
  resolution: "stdin-discarder@npm:0.3.2"
  checksum: 10c0/5dbaba9efbcb447a4450d5ae19794641ea9166abe96dc4b5547a109db1bb6e8bdb17bbe1029e02ca8d9d8ee996b7c7cbcce12b12c18c121871cd4f574292381a
  languageName: node
  linkType: hard

"string-width@npm:^4.2.0":
  version: 4.2.3
  resolution: "string-width@npm:4.2.3"
  dependencies:
    emoji-regex: "npm:^8.0.0"
    is-fullwidth-code-point: "npm:^3.0.0"
    strip-ansi: "npm:^6.0.1"
  checksum: 10c0/1e525e92e5eae0afd7454086eed9c818ee84374bb80328fc41217ae72ff5f065ef1c9d7f72da41de40c75fa8bb3dee63d92373fd492c84260a552c636392a47b
  languageName: node
  linkType: hard

"string-width@npm:^8.1.0":
  version: 8.2.2
  resolution: "string-width@npm:8.2.2"
  dependencies:
    get-east-asian-width: "npm:^1.5.0"
    strip-ansi: "npm:^7.1.2"
  checksum: 10c0/895624534e4e2f229e880bbc30aa77bdeb758e1a0edce203e0a17b8b4f08b8d3c1156516efc50a35e3efd0052d938a73797692111250ac9f52ee384710a01714
  languageName: node
  linkType: hard

"strip-ansi@npm:^6.0.1":
  version: 6.0.1
  resolution: "strip-ansi@npm:6.0.1"
  dependencies:
    ansi-regex: "npm:^5.0.1"
  checksum: 10c0/1ae5f212a126fe5b167707f716942490e3933085a5ff6c008ab97ab2f272c8025d3aa218b7bd6ab25729ca20cc81cddb252102f8751e13482a5199e873680952
  languageName: node
  linkType: hard

"strip-ansi@npm:^7.1.2":
  version: 7.2.0
  resolution: "strip-ansi@npm:7.2.0"
  dependencies:
    ansi-regex: "npm:^6.2.2"
  checksum: 10c0/544d13b7582f8254811ea97db202f519e189e59d35740c46095897e254e4f1aa9fe1524a83ad6bc5ad67d4dd6c0281d2e0219ed62b880a6238a16a17d375f221
  languageName: node
  linkType: hard

"yoctocolors@npm:^2.1.1":
  version: 2.2.0
  resolution: "yoctocolors@npm:2.2.0"
  checksum: 10c0/ca179aa83401aa0711f268fda38145a44c828e612a5f5265439efb5796cd63c46ca6b786bae3b74c75440a48518c36b5b23cba7fbb76ea8af5a9f85f830a5754
  languageName: node
  linkType: hard
